// !$*UTF8*$!
{
	archiveVersion = 1;
	classes = {
	};
	objectVersion = 51;
	objects = {

/* Begin PBXBuildFile section */
		74493A782505E442001BCEDD /* AppDelegate.swift in Sources */ = {isa = PBXBuildFile; fileRef = 74493A772505E442001BCEDD /* AppDelegate.swift */; };
		74493A7A2505E442001BCEDD /* SceneDelegate.swift in Sources */ = {isa = PBXBuildFile; fileRef = 74493A792505E442001BCEDD /* SceneDelegate.swift */; };
		74493A7C2505E442001BCEDD /* ViewController.swift in Sources */ = {isa = PBXBuildFile; fileRef = 74493A7B2505E442001BCEDD /* ViewController.swift */; };
		74493A7F2505E442001BCEDD /* Main.storyboard in Resources */ = {isa = PBXBuildFile; fileRef = 74493A7D2505E442001BCEDD /* Main.storyboard */; };
		74493A812505E444001BCEDD /* Assets.xcassets in Resources */ = {isa = PBXBuildFile; fileRef = 74493A802505E444001BCEDD /* Assets.xcassets */; };
		74493A842505E444001BCEDD /* LaunchScreen.storyboard in Resources */ = {isa = PBXBuildFile; fileRef = 74493A822505E444001BCEDD /* LaunchScreen.storyboard */; };
		74493A8F2505E444001BCEDD /* LoginTests.swift in Sources */ = {isa = PBXBuildFile; fileRef = 74493A8E2505E444001BCEDD /* LoginTests.swift */; };
		74493A9A2505E444001BCEDD /* LoginUITests.swift in Sources */ = {isa = PBXBuildFile; fileRef = 74493A992505E444001BCEDD /* LoginUITests.swift */; };
		74493AA82505E6CD001BCEDD /* GoogleService-Info.plist in Resources */ = {isa = PBXBuildFile; fileRef = 74493AA72505E6CD001BCEDD /* GoogleService-Info.plist */; };
		DAD0D37F6EA3EEA802D4E871 /* Pods_Login.framework in Frameworks */ = {isa = PBXBuildFile; fileRef = 72ED2FE9B18BCAC2745AFBBC /* Pods_Login.framework */; };
/* End PBXBuildFile section */

/* Begin PBXContainerItemProxy section */
		74493A8B2505E444001BCEDD /* PBXContainerItemProxy */ = {
			isa = PBXContainerItemProxy;
			containerPortal = 74493A6C2505E442001BCEDD /* Project object */;
			proxyType = 1;
			remoteGlobalIDString = 74493A732505E442001BCEDD;
			remoteInfo = Login;
		};
		74493A962505E444001BCEDD /* PBXContainerItemProxy */ = {
			isa = PBXContainerItemProxy;
			containerPortal = 74493A6C2505E442001BCEDD /* Project object */;
			proxyType = 1;
			remoteGlobalIDString = 74493A732505E442001BCEDD;
			remoteInfo = Login;
		};
/* End PBXContainerItemProxy section */

/* Begin PBXFileReference section */
		72ED2FE9B18BCAC2745AFBBC /* Pods_Login.framework */ = {isa = PBXFileReference; explicitFileType = wrapper.framework; includeInIndex = 0; path = Pods_Login.framework; sourceTree = BUILT_PRODUCTS_DIR; };
		74493A742505E442001BCEDD /* Login.app */ = {isa = PBXFileReference; explicitFileType = wrapper.application; includeInIndex = 0; path = Login.app; sourceTree = BUILT_PRODUCTS_DIR; };
		74493A772505E442001BCEDD /* AppDelegate.swift */ = {isa = PBXFileReference; lastKnownFileType = sourcecode.swift; path = AppDelegate.swift; sourceTree = "<group>"; };
		74493A792505E442001BCEDD /* SceneDelegate.swift */ = {isa = PBXFileReference; lastKnownFileType = sourcecode.swift; path = SceneDelegate.swift; sourceTree = "<group>"; };
		74493A7B2505E442001BCEDD /* ViewController.swift */ = {isa = PBXFileReference; lastKnownFileType = sourcecode.swift; path = ViewController.swift; sourceTree = "<group>"; };
		74493A7E2505E442001BCEDD /* Base */ = {isa = PBXFileReference; lastKnownFileType = file.storyboard; name = Base; path = Base.lproj/Main.storyboard; sourceTree = "<group>"; };
		74493A802505E444001BCEDD /* Assets.xcassets */ = {isa = PBXFileReference; lastKnownFileType = folder.assetcatalog; path = Assets.xcassets; sourceTree = "<group>"; };
		74493A832505E444001BCEDD /* Base */ = {isa = PBXFileReference; lastKnownFileType = file.storyboard; name = Base; path = Base.lproj/LaunchScreen.storyboard; sourceTree = "<group>"; };
		74493A852505E444001BCEDD /* Info.plist */ = {isa = PBXFileReference; lastKnownFileType = text.plist.xml; path = Info.plist; sourceTree = "<group>"; };
		74493A8A2505E444001BCEDD /* LoginTests.xctest */ = {isa = PBXFileReference; explicitFileType = wrapper.cfbundle; includeInIndex = 0; path = LoginTests.xctest; sourceTree = BUILT_PRODUCTS_DIR; };
		74493A8E2505E444001BCEDD /* LoginTests.swift */ = {isa = PBXFileReference; lastKnownFileType = sourcecode.swift; path = LoginTests.swift; sourceTree = "<group>"; };
		74493A902505E444001BCEDD /* Info.plist */ = {isa = PBXFileReference; lastKnownFileType = text.plist.xml; path = Info.plist; sourceTree = "<group>"; };
		74493A952505E444001BCEDD /* LoginUITests.xctest */ = {isa = PBXFileReference; explicitFileType = wrapper.cfbundle; includeInIndex = 0; path = LoginUITests.xctest; sourceTree = BUILT_PRODUCTS_DIR; };
		74493A992505E444001BCEDD /* LoginUITests.swift */ = {isa = PBXFileReference; lastKnownFileType = sourcecode.swift; path = LoginUITests.swift; sourceTree = "<group>"; };
		74493A9B2505E444001BCEDD /* Info.plist */ = {isa = PBXFileReference; lastKnownFileType = text.plist.xml; path = Info.plist; sourceTree = "<group>"; };
		74493AA72505E6CD001BCEDD /* GoogleService-Info.plist */ = {isa = PBXFileReference; fileEncoding = 4; lastKnownFileType = text.plist.xml; path = "GoogleService-Info.plist"; sourceTree = "<group>"; };
		9D10780D90764D5B77BF51DA /* Pods-Login.debug.xcconfig */ = {isa = PBXFileReference; includeInIndex = 1; lastKnownFileType = text.xcconfig; name = "Pods-Login.debug.xcconfig"; path = "Target Support Files/Pods-Login/Pods-Login.debug.xcconfig"; sourceTree = "<group>"; };
		E20C2C0C45228FF81D1199B1 /* Pods-Login.release.xcconfig */ = {isa = PBXFileReference; includeInIndex = 1; lastKnownFileType = text.xcconfig; name = "Pods-Login.release.xcconfig"; path = "Target Support Files/Pods-Login/Pods-Login.release.xcconfig"; sourceTree = "<group>"; };
/* End PBXFileReference section */

/* Begin PBXFrameworksBuildPhase section */
		74493A712505E442001BCEDD /* Frameworks */ = {
			isa = PBXFrameworksBuildPhase;
			buildActionMask = 2147483647;
			files = (
				DAD0D37F6EA3EEA802D4E871 /* Pods_Login.framework in Frameworks */,
			);
			runOnlyForDeploymentPostprocessing = 0;
		};
		74493A872505E444001BCEDD /* Frameworks */ = {
			isa = PBXFrameworksBuildPhase;
			buildActionMask = 2147483647;
			files = (
			);
			runOnlyForDeploymentPostprocessing = 0;
		};
		74493A922505E444001BCEDD /* Frameworks */ = {
			isa = PBXFrameworksBuildPhase;
			buildActionMask = 2147483647;
			files = (
			);
			runOnlyForDeploymentPostprocessing = 0;
		};
/* End PBXFrameworksBuildPhase section */

/* Begin PBXGroup section */
		6EC284B80213CBB5E87F4459 /* Pods */ = {
			isa = PBXGroup;
			children = (
				9D10780D90764D5B77BF51DA /* Pods-Login.debug.xcconfig */,
				E20C2C0C45228FF81D1199B1 /* Pods-Login.release.xcconfig */,
			);
			path = Pods;
			sourceTree = "<group>";
		};
		74493A6B2505E442001BCEDD = {
			isa = PBXGroup;
			children = (
				74493A762505E442001BCEDD /* Login */,
				74493A8D2505E444001BCEDD /* LoginTests */,
				74493A982505E444001BCEDD /* LoginUITests */,
				74493A752505E442001BCEDD /* Products */,
				6EC284B80213CBB5E87F4459 /* Pods */,
				B43621E5A6EA2BB271149174 /* Frameworks */,
			);
			sourceTree = "<group>";
		};
		74493A752505E442001BCEDD /* Products */ = {
			isa = PBXGroup;
			children = (
				74493A742505E442001BCEDD /* Login.app */,
				74493A8A2505E444001BCEDD /* LoginTests.xctest */,
				74493A952505E444001BCEDD /* LoginUITests.xctest */,
			);
			name = Products;
			sourceTree = "<group>";
		};
		74493A762505E442001BCEDD /* Login */ = {
			isa = PBXGroup;
			children = (
				74493A772505E442001BCEDD /* AppDelegate.swift */,
				74493AA72505E6CD001BCEDD /* GoogleService-Info.plist */,
				74493A792505E442001BCEDD /* SceneDelegate.swift */,
				74493A7B2505E442001BCEDD /* ViewController.swift */,
				74493A7D2505E442001BCEDD /* Main.storyboard */,
				74493A802505E444001BCEDD /* Assets.xcassets */,
				74493A822505E444001BCEDD /* LaunchScreen.storyboard */,
				74493A852505E444001BCEDD /* Info.plist */,
			);
			path = Login;
			sourceTree = "<group>";
		};
		74493A8D2505E444001BCEDD /* LoginTests */ = {
			isa = PBXGroup;
			children = (
				74493A8E2505E444001BCEDD /* LoginTests.swift */,
				74493A902505E444001BCEDD /* Info.plist */,
			);
			path = LoginTests;
			sourceTree = "<group>";
		};
		74493A982505E444001BCEDD /* LoginUITests */ = {
			isa = PBXGroup;
			children = (
				74493A992505E444001BCEDD /* LoginUITests.swift */,
				74493A9B2505E444001BCEDD /* Info.plist */,
			);
			path = LoginUITests;
			sourceTree = "<group>";
		};
		B43621E5A6EA2BB271149174 /* Frameworks */ = {
			isa = PBXGroup;
			children = (
				72ED2FE9B18BCAC2745AFBBC /* Pods_Login.framework */,
			);
			name = Frameworks;
			sourceTree = "<group>";
		};
/* End PBXGroup section */

/* Begin PBXNativeTarget section */
		74493A732505E442001BCEDD /* Login */ = {
			isa = PBXNativeTarget;
			buildConfigurationList = 74493A9E2505E444001BCEDD /* Build configuration list for PBXNativeTarget "Login" */;
			buildPhases = (
				E70499963C840700D89CA3D2 /* [CP] Check Pods Manifest.lock */,
				74493A702505E442001BCEDD /* Sources */,
				74493A712505E442001BCEDD /* Frameworks */,
				74493A722505E442001BCEDD /* Resources */,
				5EA61E2CDBE605C6B727A1B6 /* [CP] Embed Pods Frameworks */,
				4566F964AA9EE3EE3556412C /* [CP] Copy Pods Resources */,
			);
			buildRules = (
			);
			dependencies = (
			);
			name = Login;
			productName = Login;
			productReference = 74493A742505E442001BCEDD /* Login.app */;
			productType = "com.apple.product-type.application";
		};
		74493A892505E444001BCEDD /* LoginTests */ = {
			isa = PBXNativeTarget;
			buildConfigurationList = 74493AA12505E444001BCEDD /* Build configuration list for PBXNativeTarget "LoginTests" */;
			buildPhases = (
				74493A862505E444001BCEDD /* Sources */,
				74493A872505E444001BCEDD /* Frameworks */,
				74493A882505E444001BCEDD /* Resources */,
			);
			buildRules = (
			);
			dependencies = (
				74493A8C2505E444001BCEDD /* PBXTargetDependency */,
			);
			name = LoginTests;
			productName = LoginTests;
			productReference = 74493A8A2505E444001BCEDD /* LoginTests.xctest */;
			productType = "com.apple.product-type.bundle.unit-test";
		};
		74493A942505E444001BCEDD /* LoginUITests */ = {
			isa = PBXNativeTarget;
			buildConfigurationList = 74493AA42505E444001BCEDD /* Build configuration list for PBXNativeTarget "LoginUITests" */;
			buildPhases = (
				74493A912505E444001BCEDD /* Sources */,
				74493A922505E444001BCEDD /* Frameworks */,
				74493A932505E444001BCEDD /* Resources */,
			);
			buildRules = (
			);
			dependencies = (
				74493A972505E444001BCEDD /* PBXTargetDependency */,
			);
			name = LoginUITests;
			productName = LoginUITests;
			productReference = 74493A952505E444001BCEDD /* LoginUITests.xctest */;
			productType = "com.apple.product-type.bundle.ui-testing";
		};
/* End PBXNativeTarget section */

/* Begin PBXProject section */
		74493A6C2505E442001BCEDD /* Project object */ = {
			isa = PBXProject;
			attributes = {
				LastSwiftUpdateCheck = 1160;
				LastUpgradeCheck = 1160;
				ORGANIZATIONNAME = tuan.anhpham;
				TargetAttributes = {
					74493A732505E442001BCEDD = {
						CreatedOnToolsVersion = 11.6;
					};
					74493A892505E444001BCEDD = {
						CreatedOnToolsVersion = 11.6;
						TestTargetID = 74493A732505E442001BCEDD;
					};
					74493A942505E444001BCEDD = {
						CreatedOnToolsVersion = 11.6;
						TestTargetID = 74493A732505E442001BCEDD;
					};
				};
			};
			buildConfigurationList = 74493A6F2505E442001BCEDD /* Build configuration list for PBXProject "Login" */;
			compatibilityVersion = "Xcode 9.3";
			developmentRegion = en;
			hasScannedForEncodings = 0;
			knownRegions = (
				en,
				Base,
			);
			mainGroup = 74493A6B2505E442001BCEDD;
			productRefGroup = 74493A752505E442001BCEDD /* Products */;
			projectDirPath = "";
			projectRoot = "";
			targets = (
				74493A732505E442001BCEDD /* Login */,
				74493A892505E444001BCEDD /* LoginTests */,
				74493A942505E444001BCEDD /* LoginUITests */,
			);
		};
/* End PBXProject section */

/* Begin PBXResourcesBuildPhase section */
		74493A722505E442001BCEDD /* Resources */ = {
			isa = PBXResourcesBuildPhase;
			buildActionMask = 2147483647;
			files = (
				74493A842505E444001BCEDD /* LaunchScreen.storyboard in Resources */,
				74493AA82505E6CD001BCEDD /* GoogleService-Info.plist in Resources */,
				74493A812505E444001BCEDD /* Assets.xcassets in Resources */,
				74493A7F2505E442001BCEDD /* Main.storyboard in Resources */,
			);
			runOnlyForDeploymentPostprocessing = 0;
		};
		74493A882505E444001BCEDD /* Resources */ = {
			isa = PBXResourcesBuildPhase;
			buildActionMask = 2147483647;
			files = (
			);
			runOnlyForDeploymentPostprocessing = 0;
		};
		74493A932505E444001BCEDD /* Resources */ = {
			isa = PBXResourcesBuildPhase;
			buildActionMask = 2147483647;
			files = (
			);
			runOnlyForDeploymentPostprocessing = 0;
		};
/* End PBXResourcesBuildPhase section */

/* Begin PBXShellScriptBuildPhase section */
		4566F964AA9EE3EE3556412C /* [CP] Copy Pods Resources */ = {
			isa = PBXShellScriptBuildPhase;
			buildActionMask = 2147483647;
			files = (
			);
			inputFileListPaths = (
				"${PODS_ROOT}/Target Support Files/Pods-Login/Pods-Login-resources-${CONFIGURATION}-input-files.xcfilelist",
			);
			name = "[CP] Copy Pods Resources";
			outputFileListPaths = (
				"${PODS_ROOT}/Target Support Files/Pods-Login/Pods-Login-resources-${CONFIGURATION}-output-files.xcfilelist",
			);
			runOnlyForDeploymentPostprocessing = 0;
			shellPath = /bin/sh;
			shellScript = "\"${PODS_ROOT}/Target Support Files/Pods-Login/Pods-Login-resources.sh\"\n";
			showEnvVarsInLog = 0;
		};
		5EA61E2CDBE605C6B727A1B6 /* [CP] Embed Pods Frameworks */ = {
			isa = PBXShellScriptBuildPhase;
			buildActionMask = 2147483647;
			files = (
			);
			inputFileListPaths = (
				"${PODS_ROOT}/Target Support Files/Pods-Login/Pods-Login-frameworks-${CONFIGURATION}-input-files.xcfilelist",
			);
			name = "[CP] Embed Pods Frameworks";
			outputFileListPaths = (
				"${PODS_ROOT}/Target Support Files/Pods-Login/Pods-Login-frameworks-${CONFIGURATION}-output-files.xcfilelist",
			);
			runOnlyForDeploymentPostprocessing = 0;
			shellPath = /bin/sh;
			shellScript = "\"${PODS_ROOT}/Target Support Files/Pods-Login/Pods-Login-frameworks.sh\"\n";
			showEnvVarsInLog = 0;
		};
		E70499963C840700D89CA3D2 /* [CP] Check Pods Manifest.lock */ = {
			isa = PBXShellScriptBuildPhase;
			buildActionMask = 2147483647;
			files = (
			);
			inputFileListPaths = (
			);
			inputPaths = (
				"${PODS_PODFILE_DIR_PATH}/Podfile.lock",
				"${PODS_ROOT}/Manifest.lock",
			);
			name = "[CP] Check Pods Manifest.lock";
			outputFileListPaths = (
			);
			outputPaths = (
				"$(DERIVED_FILE_DIR)/Pods-Login-checkManifestLockResult.txt",
			);
			runOnlyForDeploymentPostprocessing = 0;
			shellPath = /bin/sh;
			shellScript = "diff \"${PODS_PODFILE_DIR_PATH}/Podfile.lock\" \"${PODS_ROOT}/Manifest.lock\" > /dev/null\nif [ $? != 0 ] ; then\n    # print error to STDERR\n    echo \"error: The sandbox is not in sync with the Podfile.lock. Run 'pod install' or update your CocoaPods installation.\" >&2\n    exit 1\nfi\n# This output is used by Xcode 'outputs' to avoid re-running this script phase.\necho \"SUCCESS\" > \"${SCRIPT_OUTPUT_FILE_0}\"\n";
			showEnvVarsInLog = 0;
		};
/* End PBXShellScriptBuildPhase section */

/* Begin PBXSourcesBuildPhase section */
		74493A702505E442001BCEDD /* Sources */ = {
			isa = PBXSourcesBuildPhase;
			buildActionMask = 2147483647;
			files = (
				74493A7C2505E442001BCEDD /* ViewController.swift in Sources */,
				74493A782505E442001BCEDD /* AppDelegate.swift in Sources */,
				74493A7A2505E442001BCEDD /* SceneDelegate.swift in Sources */,
			);
			runOnlyForDeploymentPostprocessing = 0;
		};
		74493A862505E444001BCEDD /* Sources */ = {
			isa = PBXSourcesBuildPhase;
			buildActionMask = 2147483647;
			files = (
				74493A8F2505E444001BCEDD /* LoginTests.swift in Sources */,
			);
			runOnlyForDeploymentPostprocessing = 0;
		};
		74493A912505E444001BCEDD /* Sources */ = {
			isa = PBXSourcesBuildPhase;
			buildActionMask = 2147483647;
			files = (
				74493A9A2505E444001BCEDD /* LoginUITests.swift in Sources */,
			);
			runOnlyForDeploymentPostprocessing = 0;
		};
/* End PBXSourcesBuildPhase section */

/* Begin PBXTargetDependency section */
		74493A8C2505E444001BCEDD /* PBXTargetDependency */ = {
			isa = PBXTargetDependency;
			target = 74493A732505E442001BCEDD /* Login */;
			targetProxy = 74493A8B2505E444001BCEDD /* PBXContainerItemProxy */;
		};
		74493A972505E444001BCEDD /* PBXTargetDependency */ = {
			isa = PBXTargetDependency;
			target = 74493A732505E442001BCEDD /* Login */;
			targetProxy = 74493A962505E444001BCEDD /* PBXContainerItemProxy */;
		};
/* End PBXTargetDependency section */

/* Begin PBXVariantGroup section */
		74493A7D2505E442001BCEDD /* Main.storyboard */ = {
			isa = PBXVariantGroup;
			children = (
				74493A7E2505E442001BCEDD /* Base */,
			);
			name = Main.storyboard;
			sourceTree = "<group>";
		};
		74493A822505E444001BCEDD /* LaunchScreen.storyboard */ = {
			isa = PBXVariantGroup;
			children = (
				74493A832505E444001BCEDD /* Base */,
			);
			name = LaunchScreen.storyboard;
			sourceTree = "<group>";
		};
/* End PBXVariantGroup section */

/* Begin XCBuildConfiguration section */
		74493A9C2505E444001BCEDD /* Debug */ = {
			isa = XCBuildConfiguration;
			buildSettings = {
				ALWAYS_SEARCH_USER_PATHS = NO;
				CLANG_ANALYZER_NONNULL = YES;
				CLANG_ANALYZER_NUMBER_OBJECT_CONVERSION = YES_AGGRESSIVE;
				CLANG_CXX_LANGUAGE_STANDARD = "gnu++14";
				CLANG_CXX_LIBRARY = "libc++";
				CLANG_ENABLE_MODULES = YES;
				CLANG_ENABLE_OBJC_ARC = YES;
				CLANG_ENABLE_OBJC_WEAK = YES;
				CLANG_WARN_BLOCK_CAPTURE_AUTORELEASING = YES;
				CLANG_WARN_BOOL_CONVERSION = YES;
				CLANG_WARN_COMMA = YES;
				CLANG_WARN_CONSTANT_CONVERSION = YES;
				CLANG_WARN_DEPRECATED_OBJC_IMPLEMENTATIONS = YES;
				CLANG_WARN_DIRECT_OBJC_ISA_USAGE = YES_ERROR;
				CLANG_WARN_DOCUMENTATION_COMMENTS = YES;
				CLANG_WARN_EMPTY_BODY = YES;
				CLANG_WARN_ENUM_CONVERSION = YES;
				CLANG_WARN_INFINITE_RECURSION = YES;
				CLANG_WARN_INT_CONVERSION = YES;
				CLANG_WARN_NON_LITERAL_NULL_CONVERSION = YES;
				CLANG_WARN_OBJC_IMPLICIT_RETAIN_SELF = YES;
				CLANG_WARN_OBJC_LITERAL_CONVERSION = YES;
				CLANG_WARN_OBJC_ROOT_CLASS = YES_ERROR;
				CLANG_WARN_RANGE_LOOP_ANALYSIS = YES;
				CLANG_WARN_STRICT_PROTOTYPES = YES;
				CLANG_WARN_SUSPICIOUS_MOVE = YES;
				CLANG_WARN_UNGUARDED_AVAILABILITY = YES_AGGRESSIVE;
				CLANG_WARN_UNREACHABLE_CODE = YES;
				CLANG_WARN__DUPLICATE_METHOD_MATCH = YES;
				COPY_PHASE_STRIP = NO;
				DEBUG_INFORMATION_FORMAT = dwarf;
				ENABLE_STRICT_OBJC_MSGSEND = YES;
				ENABLE_TESTABILITY = YES;
				GCC_C_LANGUAGE_STANDARD = gnu11;
				GCC_DYNAMIC_NO_PIC = NO;
				GCC_NO_COMMON_BLOCKS = YES;
				GCC_OPTIMIZATION_LEVEL = 0;
				GCC_PREPROCESSOR_DEFINITIONS = (
					"DEBUG=1",
					"$(inherited)",
				);
				GCC_WARN_64_TO_32_BIT_CONVERSION = YES;
				GCC_WARN_ABOUT_RETURN_TYPE = YES_ERROR;
				GCC_WARN_UNDECLARED_SELECTOR = YES;
				GCC_WARN_UNINITIALIZED_AUTOS = YES_AGGRESSIVE;
				GCC_WARN_UNUSED_FUNCTION = YES;
				GCC_WARN_UNUSED_VARIABLE = YES;
				IPHONEOS_DEPLOYMENT_TARGET = 13.6;
				MTL_ENABLE_DEBUG_INFO = INCLUDE_SOURCE;
				MTL_FAST_MATH = YES;
				ONLY_ACTIVE_ARCH = YES;
				SDKROOT = iphoneos;
				SWIFT_ACTIVE_COMPILATION_CONDITIONS = DEBUG;
				SWIFT_OPTIMIZATION_LEVEL = "-Onone";
			};
			name = Debug;
		};
		74493A9D2505E444001BCEDD /* Release */ = {
			isa = XCBuildConfiguration;
			buildSettings = {
				ALWAYS_SEARCH_USER_PATHS = NO;
				CLANG_ANALYZER_NONNULL = YES;
				CLANG_ANALYZER_NUMBER_OBJECT_CONVERSION = YES_AGGRESSIVE;
				CLANG_CXX_LANGUAGE_STANDARD = "gnu++14";
				CLANG_CXX_LIBRARY = "libc++";
				CLANG_ENABLE_MODULES = YES;
				CLANG_ENABLE_OBJC_ARC = YES;
				CLANG_ENABLE_OBJC_WEAK = YES;
				CLANG_WARN_BLOCK_CAPTURE_AUTORELEASING = YES;
				CLANG_WARN_BOOL_CONVERSION = YES;
				CLANG_WARN_COMMA = YES;
				CLANG_WARN_CONSTANT_CONVERSION = YES;
				CLANG_WARN_DEPRECATED_OBJC_IMPLEMENTATIONS = YES;
				CLANG_WARN_DIRECT_OBJC_ISA_USAGE = YES_ERROR;
				CLANG_WARN_DOCUMENTATION_COMMENTS = YES;
				CLANG_WARN_EMPTY_BODY = YES;
				CLANG_WARN_ENUM_CONVERSION = YES;
				CLANG_WARN_INFINITE_RECURSION = YES;
				CLANG_WARN_INT_CONVERSION = YES;
				CLANG_WARN_NON_LITERAL_NULL_CONVERSION = YES;
				CLANG_WARN_OBJC_IMPLICIT_RETAIN_SELF = YES;
				CLANG_WARN_OBJC_LITERAL_CONVERSION = YES;
				CLANG_WARN_OBJC_ROOT_CLASS = YES_ERROR;
				CLANG_WARN_RANGE_LOOP_ANALYSIS = YES;
				CLANG_WARN_STRICT_PROTOTYPES = YES;
				CLANG_WARN_SUSPICIOUS_MOVE = YES;
				CLANG_WARN_UNGUARDED_AVAILABILITY = YES_AGGRESSIVE;
				CLANG_WARN_UNREACHABLE_CODE = YES;
				CLANG_WARN__DUPLICATE_METHOD_MATCH = YES;
				COPY_PHASE_STRIP = NO;
				DEBUG_INFORMATION_FORMAT = "dwarf-with-dsym";
				ENABLE_NS_ASSERTIONS = NO;
				ENABLE_STRICT_OBJC_MSGSEND = YES;
				GCC_C_LANGUAGE_STANDARD = gnu11;
				GCC_NO_COMMON_BLOCKS = YES;
				GCC_WARN_64_TO_32_BIT_CONVERSION = YES;
				GCC_WARN_ABOUT_RETURN_TYPE = YES_ERROR;
				GCC_WARN_UNDECLARED_SELECTOR = YES;
				GCC_WARN_UNINITIALIZED_AUTOS = YES_AGGRESSIVE;
				GCC_WARN_UNUSED_FUNCTION = YES;
				GCC_WARN_UNUSED_VARIABLE = YES;
				IPHONEOS_DEPLOYMENT_TARGET = 13.6;
				MTL_ENABLE_DEBUG_INFO = NO;
				MTL_FAST_MATH = YES;
				SDKROOT = iphoneos;
				SWIFT_COMPILATION_MODE = wholemodule;
				SWIFT_OPTIMIZATION_LEVEL = "-O";
				VALIDATE_PRODUCT = YES;
			};
			name = Release;
		};
		74493A9F2505E444001BCEDD /* Debug */ = {
			isa = XCBuildConfiguration;
			baseConfigurationReference = 9D10780D90764D5B77BF51DA /* Pods-Login.debug.xcconfig */;
			buildSettings = {
				ASSETCATALOG_COMPILER_APPICON_NAME = AppIcon;
				CODE_SIGN_STYLE = Automatic;
				INFOPLIST_FILE = Login/Info.plist;
				LD_RUNPATH_SEARCH_PATHS = (
					"$(inherited)",
					"@executable_path/Frameworks",
				);
				PRODUCT_BUNDLE_IDENTIFIER = com.TuanPham.Login;
				PRODUCT_NAME = "$(TARGET_NAME)";
				SWIFT_VERSION = 5.0;
				TARGETED_DEVICE_FAMILY = "1,2";
			};
			name = Debug;
		};
		74493AA02505E444001BCEDD /* Release */ = {
			isa = XCBuildConfiguration;
			baseConfigurationReference = E20C2C0C45228FF81D1199B1 /* Pods-Login.release.xcconfig */;
			buildSettings = {
				ASSETCATALOG_COMPILER_APPICON_NAME = AppIcon;
				CODE_SIGN_STYLE = Automatic;
				INFOPLIST_FILE = Login/Info.plist;
				LD_RUNPATH_SEARCH_PATHS = (
					"$(inherited)",
					"@executable_path/Frameworks",
				);
				PRODUCT_BUNDLE_IDENTIFIER = com.TuanPham.Login;
				PRODUCT_NAME = "$(TARGET_NAME)";
				SWIFT_VERSION = 5.0;
				TARGETED_DEVICE_FAMILY = "1,2";
			};
			name = Release;
		};
		74493AA22505E444001BCEDD /* Debug */ = {
			isa = XCBuildConfiguration;
			buildSettings = {
				ALWAYS_EMBED_SWIFT_STANDARD_LIBRARIES = YES;
				BUNDLE_LOADER = "$(TEST_HOST)";
				CODE_SIGN_STYLE = Automatic;
				INFOPLIST_FILE = LoginTests/Info.plist;
				IPHONEOS_DEPLOYMENT_TARGET = 13.6;
				LD_RUNPATH_SEARCH_PATHS = (
					"$(inherited)",
					"@executable_path/Frameworks",
					"@loader_path/Frameworks",
				);
				PRODUCT_BUNDLE_IDENTIFIER = com.TuanPham.LoginTests;
				PRODUCT_NAME = "$(TARGET_NAME)";
				SWIFT_VERSION = 5.0;
				TARGETED_DEVICE_FAMILY = "1,2";
				TEST_HOST = "$(BUILT_PRODUCTS_DIR)/Login.app/Login";
			};
			name = Debug;
		};
		74493AA32505E444001BCEDD /* Release */ = {
			isa = XCBuildConfiguration;
			buildSettings = {
				ALWAYS_EMBED_SWIFT_STANDARD_LIBRARIES = YES;
				BUNDLE_LOADER = "$(TEST_HOST)";
				CODE_SIGN_STYLE = Automatic;
				INFOPLIST_FILE = LoginTests/Info.plist;
				IPHONEOS_DEPLOYMENT_TARGET = 13.6;
				LD_RUNPATH_SEARCH_PATHS = (
					"$(inherited)",
					"@executable_path/Frameworks",
					"@loader_path/Frameworks",
				);
				PRODUCT_BUNDLE_IDENTIFIER = com.TuanPham.LoginTests;
				PRODUCT_NAME = "$(TARGET_NAME)";
				SWIFT_VERSION = 5.0;
				TARGETED_DEVICE_FAMILY = "1,2";
				TEST_HOST = "$(BUILT_PRODUCTS_DIR)/Login.app/Login";
			};
			name = Release;
		};
		74493AA52505E444001BCEDD /* Debug */ = {
			isa = XCBuildConfiguration;
			buildSettings = {
				ALWAYS_EMBED_SWIFT_STANDARD_LIBRARIES = YES;
				CODE_SIGN_STYLE = Automatic;
				INFOPLIST_FILE = LoginUITests/Info.plist;
				LD_RUNPATH_SEARCH_PATHS = (
					"$(inherited)",
					"@executable_path/Frameworks",
					"@loader_path/Frameworks",
				);
				PRODUCT_BUNDLE_IDENTIFIER = com.TuanPham.LoginUITests;
				PRODUCT_NAME = "$(TARGET_NAME)";
				SWIFT_VERSION = 5.0;
				TARGETED_DEVICE_FAMILY = "1,2";
				TEST_TARGET_NAME = Login;
			};
			name = Debug;
		};
		74493AA62505E444001BCEDD /* Release */ = {
			isa = XCBuildConfiguration;
			buildSettings = {
				ALWAYS_EMBED_SWIFT_STANDARD_LIBRARIES = YES;
				CODE_SIGN_STYLE = Automatic;
				INFOPLIST_FILE = LoginUITests/Info.plist;
				LD_RUNPATH_SEARCH_PATHS = (
					"$(inherited)",
					"@executable_path/Frameworks",
					"@loader_path/Frameworks",
				);
				PRODUCT_BUNDLE_IDENTIFIER = com.TuanPham.LoginUITests;
				PRODUCT_NAME = "$(TARGET_NAME)";
				SWIFT_VERSION = 5.0;
				TARGETED_DEVICE_FAMILY = "1,2";
				TEST_TARGET_NAME = Login;
			};
			name = Release;
		};
/* End XCBuildConfiguration section */

/* Begin XCConfigurationList section */
		74493A6F2505E442001BCEDD /* Build configuration list for PBXProject "Login" */ = {
			isa = XCConfigurationList;
			buildConfigurations = (
				74493A9C2505E444001BCEDD /* Debug */,
				74493A9D2505E444001BCEDD /* Release */,
			);
			defaultConfigurationIsVisible = 0;
			defaultConfigurationName = Release;
		};
		74493A9E2505E444001BCEDD /* Build configuration list for PBXNativeTarget "Login" */ = {
			isa = XCConfigurationList;
			buildConfigurations = (
				74493A9F2505E444001BCEDD /* Debug */,
				74493AA02505E444001BCEDD /* Release */,
			);
			defaultConfigurationIsVisible = 0;
			defaultConfigurationName = Release;
		};
		74493AA12505E444001BCEDD /* Build configuration list for PBXNativeTarget "LoginTests" */ = {
			isa = XCConfigurationList;
			buildConfigurations = (
				74493AA22505E444001BCEDD /* Debug */,
				74493AA32505E444001BCEDD /* Release */,
			);
			defaultConfigurationIsVisible = 0;
			defaultConfigurationName = Release;
		};
		74493AA42505E444001BCEDD /* Build configuration list for PBXNativeTarget "LoginUITests" */ = {
			isa = XCConfigurationList;
			buildConfigurations = (
				74493AA52505E444001BCEDD /* Debug */,
				74493AA62505E444001BCEDD /* Release */,
			);
			defaultConfigurationIsVisible = 0;
			defaultConfigurationName = Release;
		};
/* End XCConfigurationList section */
	};
	rootObject = 74493A6C2505E442001BCEDD /* Project object */;
}
